
Microsoft Visual Studio Solution File, Format Version 12.00
# Visual Studio Version 16
VisualStudioVersion = 16.0.30611.23
MinimumVisualStudioVersion = 10.0.40219.1
Project("{FAE04EC0-301F-11D3-BF4B-00C04F79EFBC}") = "DevIO.UI.Site", "src\DevIO.UI.Site\DevIO.UI.Site.csproj", "{B175853A-3000-42E6-88FF-41AB3E21FC9C}"
EndProject
Global
	GlobalSection(SolutionConfigurationPlatforms) = preSolution
		Debug|Any CPU = Debug|Any CPU
		Release|Any CPU = Release|Any CPU
	EndGlobalSection
	GlobalSection(ProjectConfigurationPlatforms) = postSolution
		{B175853A-3000-42E6-88FF-41AB3E21FC9C}.Debug|Any CPU.ActiveCfg = Debug|Any CPU
		{B175853A-3000-42E6-88FF-41AB3E21FC9C}.Debug|Any CPU.Build.0 = Debug|Any CPU
		{B175853A-3000-42E6-88FF-41AB3E21FC9C}.Release|Any CPU.ActiveCfg = Release|Any CPU
		{B175853A-3000-42E6-88FF-41AB3E21FC9C}.Release|Any CPU.Build.0 = Release|Any CPU
	EndGlobalSection
	GlobalSection(SolutionProperties) = preSolution
		HideSolutionNode = FALSE
	EndGlobalSection
	GlobalSection(ExtensibilityGlobals) = postSolution
		SolutionGuid = {6AA15015-0850-43C4-BC2B-B3346A45B054}
	EndGlobalSection
EndGlobal
